# THIS IS AN AUTOGENERATED FILE. DO NOT EDIT THIS FILE DIRECTLY.
# yarn lockfile v1


"@types/node@*":
  version "14.14.10"
  resolved "https://registry.npm.alibaba-inc.com/@types/node/download/@types/node-14.14.10.tgz#5958a82e41863cfc71f2307b3748e3491ba03785"
  integrity sha1-WVioLkGGPPxx8jB7N0jjSRugN4U=

"@types/pako@^1.0.1":
  version "1.0.1"
  resolved "https://registry.npm.alibaba-inc.com/@types/pako/download/@types/pako-1.0.1.tgz#33b237f3c9aff44d0f82fe63acffa4a365ef4a61"
  integrity sha1-M7I388mv9E0Pgv5jrP+ko2XvSmE=

"@types/url-join@^4.0.0":
  version "4.0.0"
  resolved "https://registry.npm.alibaba-inc.com/@types/url-join/download/@types/url-join-4.0.0.tgz#72eff71648a429c7d4acf94e03780e06671369bd"
  integrity sha1-cu/3FkikKcfUrPlOA3gOBmcTab0=

"@types/ws@^7.2.6":
  version "7.4.0"
  resolved "https://registry.npm.alibaba-inc.com/@types/ws/download/@types/ws-7.4.0.tgz#499690ea08736e05a8186113dac37769ab251a0e"
  integrity sha1-SZaQ6ghzbgWoGGET2sN3aaslGg4=
  dependencies:
    "@types/node" "*"

asynckit@^0.4.0:
  version "0.4.0"
  resolved "https://registry.npm.alibaba-inc.com/asynckit/download/asynckit-0.4.0.tgz#c79ed97f7f34cb8f2ba1bc9790bcc366474b4b79"
  integrity sha1-x57Zf380y48robyXkLzDZkdLS3k=

axios@^0.19.2:
  version "0.19.2"
  resolved "https://registry.npm.alibaba-inc.com/axios/download/axios-0.19.2.tgz#3ea36c5d8818d0d5f8a8a97a6d36b86cdc00cb27"
  integrity sha1-PqNsXYgY0NX4qKl6bTa4bNwAyyc=
  dependencies:
    follow-redirects "1.5.10"

combined-stream@^1.0.8:
  version "1.0.8"
  resolved "https://registry.npm.alibaba-inc.com/combined-stream/download/combined-stream-1.0.8.tgz#c3d45a8b34fd730631a110a8a2520682b31d5a7f"
  integrity sha1-w9RaizT9cwYxoRCoolIGgrMdWn8=
  dependencies:
    delayed-stream "~1.0.0"

debug@=3.1.0:
  version "3.1.0"
  resolved "https://registry.npm.alibaba-inc.com/debug/download/debug-3.1.0.tgz#5bb5a0672628b64149566ba16819e61518c67261"
  integrity sha1-W7WgZyYotkFJVmuhaBnmFRjGcmE=
  dependencies:
    ms "2.0.0"

delayed-stream@~1.0.0:
  version "1.0.0"
  resolved "https://registry.npm.alibaba-inc.com/delayed-stream/download/delayed-stream-1.0.0.tgz#df3ae199acadfb7d440aaae0b29e2272b24ec619"
  integrity sha1-3zrhmayt+31ECqrgsp4icrJOxhk=

events@^3.2.0:
  version "3.2.0"
  resolved "https://registry.npm.alibaba-inc.com/events/download/events-3.2.0.tgz#93b87c18f8efcd4202a461aec4dfc0556b639379"
  integrity sha1-k7h8GPjvzUICpGGuxN/AVWtjk3k=

follow-redirects@1.5.10:
  version "1.5.10"
  resolved "https://registry.npm.alibaba-inc.com/follow-redirects/download/follow-redirects-1.5.10.tgz#7b7a9f9aea2fdff36786a94ff643ed07f4ff5e2a"
  integrity sha1-e3qfmuov3/NnhqlP9kPtB/T/Xio=
  dependencies:
    debug "=3.1.0"

form-data@^3.0.0:
  version "3.0.0"
  resolved "https://registry.npm.alibaba-inc.com/form-data/download/form-data-3.0.0.tgz#31b7e39c85f1355b7139ee0c647cf0de7f83c682"
  integrity sha1-MbfjnIXxNVtxOe4MZHzw3n+DxoI=
  dependencies:
    asynckit "^0.4.0"
    combined-stream "^1.0.8"
    mime-types "^2.1.12"

mime-db@1.44.0:
  version "1.44.0"
  resolved "https://registry.npm.alibaba-inc.com/mime-db/download/mime-db-1.44.0.tgz#fa11c5eb0aca1334b4233cb4d52f10c5a6272f92"
  integrity sha1-+hHF6wrKEzS0Izy01S8QxaYnL5I=

mime-types@^2.1.12:
  version "2.1.27"
  resolved "https://registry.npm.alibaba-inc.com/mime-types/download/mime-types-2.1.27.tgz#47949f98e279ea53119f5722e0f34e529bec009f"
  integrity sha1-R5SfmOJ56lMRn1ci4PNOUpvsAJ8=
  dependencies:
    mime-db "1.44.0"

ms@2.0.0:
  version "2.0.0"
  resolved "https://registry.npm.alibaba-inc.com/ms/download/ms-2.0.0.tgz#5608aeadfc00be6c2901df5f9861788de0d597c8"
  integrity sha1-VgiurfwAvmwpAd9fmGF4jeDVl8g=

pako@^1.0.11:
  version "1.0.11"
  resolved "https://registry.npm.alibaba-inc.com/pako/download/pako-1.0.11.tgz#6c9599d340d54dfd3946380252a35705a6b992bf"
  integrity sha1-bJWZ00DVTf05RjgCUqNXBaa5kr8=

tomon-sdk@^0.2.0:
  version "0.2.0"
  resolved "https://registry.npm.alibaba-inc.com/tomon-sdk/download/tomon-sdk-0.2.0.tgz#df9af0620cd61f72867bdb405072d12a8e1c4d61"
  integrity sha1-35rwYgzWH3KGe9tAUHLRKo4cTWE=
  dependencies:
    "@types/pako" "^1.0.1"
    "@types/url-join" "^4.0.0"
    "@types/ws" "^7.2.6"
    axios "^0.19.2"
    events "^3.2.0"
    form-data "^3.0.0"
    pako "^1.0.11"
    url-join "^4.0.1"
    ws "^7.3.1"

url-join@^4.0.1:
  version "4.0.1"
  resolved "https://registry.npm.alibaba-inc.com/url-join/download/url-join-4.0.1.tgz#b642e21a2646808ffa178c4c5fda39844e12cde7"
  integrity sha1-tkLiGiZGgI/6F4xMX9o5hE4Szec=

ws@^7.3.1:
  version "7.4.0"
  resolved "https://registry.npm.alibaba-inc.com/ws/download/ws-7.4.0.tgz#a5dd76a24197940d4a8bb9e0e152bb4503764da7"
  integrity sha1-pd12okGXlA1Ki7ng4VK7RQN2Tac=
